
Microsoft Visual Studio Solution File, Format Version 12.00
# Visual Studio Version 16
VisualStudioVersion = 16.0.30104.148
MinimumVisualStudioVersion = 10.0.40219.1
Project("{FAE04EC0-301F-11D3-BF4B-00C04F79EFBC}") = "ConstructionSite", "ConstructionSite\ConstructionSite.csproj", "{CEDDEEFE-381B-456E-9FBD-B4AC28209D14}"
EndProject
Global
	GlobalSection(SolutionConfigurationPlatforms) = preSolution
		Debug|Any CPU = Debug|Any CPU
		Release|Any CPU = Release|Any CPU
	EndGlobalSection
	GlobalSection(ProjectConfigurationPlatforms) = postSolution
		{CEDDEEFE-381B-456E-9FBD-B4AC28209D14}.Debug|Any CPU.ActiveCfg = Debug|Any CPU
		{CEDDEEFE-381B-456E-9FBD-B4AC28209D14}.Debug|Any CPU.Build.0 = Debug|Any CPU
		{CEDDEEFE-381B-456E-9FBD-B4AC28209D14}.Release|Any CPU.ActiveCfg = Release|Any CPU
		{CEDDEEFE-381B-456E-9FBD-B4AC28209D14}.Release|Any CPU.Build.0 = Release|Any CPU
	EndGlobalSection
	GlobalSection(SolutionProperties) = preSolution
		HideSolutionNode = FALSE
	EndGlobalSection
	GlobalSection(ExtensibilityGlobals) = postSolution
		SolutionGuid = {081538FD-8562-4F51-850B-9887BBFDAAA4}
	EndGlobalSection
EndGlobal
